
Microsoft Visual Studio Solution File, Format Version 12.00
# Visual Studio Version 17
VisualStudioVersion = 17.6.33829.357
MinimumVisualStudioVersion = 10.0.40219.1
Project("{9A19103F-16F7-4668-BE54-9A1E7A4F7556}") = "ED.Api", "ED.Api\ED.Api.csproj", "{BED8C6FA-41CD-457A-9C11-6ECC39BD10BF}"
EndProject
Project("{9A19103F-16F7-4668-BE54-9A1E7A4F7556}") = "ED.Web", "ED.Web\ED.Web.csproj", "{312589E8-1083-43C4-8FCA-0FAA284E93F4}"
EndProject
Project("{9A19103F-16F7-4668-BE54-9A1E7A4F7556}") = "ED.Service", "ED.Service\ED.Service.csproj", "{1D21685E-E2B2-4C5F-B93F-EDD6F8F37828}"
EndProject
Global
	GlobalSection(SolutionConfigurationPlatforms) = preSolution
		Debug|Any CPU = Debug|Any CPU
		Release|Any CPU = Release|Any CPU
	EndGlobalSection
	GlobalSection(ProjectConfigurationPlatforms) = postSolution
		{BED8C6FA-41CD-457A-9C11-6ECC39BD10BF}.Debug|Any CPU.ActiveCfg = Debug|Any CPU
		{BED8C6FA-41CD-457A-9C11-6ECC39BD10BF}.Debug|Any CPU.Build.0 = Debug|Any CPU
		{BED8C6FA-41CD-457A-9C11-6ECC39BD10BF}.Release|Any CPU.ActiveCfg = Release|Any CPU
		{BED8C6FA-41CD-457A-9C11-6ECC39BD10BF}.Release|Any CPU.Build.0 = Release|Any CPU
		{312589E8-1083-43C4-8FCA-0FAA284E93F4}.Debug|Any CPU.ActiveCfg = Debug|Any CPU
		{312589E8-1083-43C4-8FCA-0FAA284E93F4}.Debug|Any CPU.Build.0 = Debug|Any CPU
		{312589E8-1083-43C4-8FCA-0FAA284E93F4}.Release|Any CPU.ActiveCfg = Release|Any CPU
		{312589E8-1083-43C4-8FCA-0FAA284E93F4}.Release|Any CPU.Build.0 = Release|Any CPU
		{1D21685E-E2B2-4C5F-B93F-EDD6F8F37828}.Debug|Any CPU.ActiveCfg = Debug|Any CPU
		{1D21685E-E2B2-4C5F-B93F-EDD6F8F37828}.Debug|Any CPU.Build.0 = Debug|Any CPU
		{1D21685E-E2B2-4C5F-B93F-EDD6F8F37828}.Release|Any CPU.ActiveCfg = Release|Any CPU
		{1D21685E-E2B2-4C5F-B93F-EDD6F8F37828}.Release|Any CPU.Build.0 = Release|Any CPU
	EndGlobalSection
	GlobalSection(SolutionProperties) = preSolution
		HideSolutionNode = FALSE
	EndGlobalSection
	GlobalSection(ExtensibilityGlobals) = postSolution
		SolutionGuid = {7409F456-9930-4AC4-A20E-9717848114D1}
	EndGlobalSection
EndGlobal
